{
    "_meta": {
        "hash": {
            "sha256": "b329518094fbad51a28933b634270493e0436883c2a44ddd5832f4e592066090"
        },
        "pipfile-spec": 6,
        "requires": {},
        "sources": [
            {
                "name": "pypi",
                "url": "https://pypi.python.org/simple",
                "verify_ssl": true
            }
        ]
    },
    "default": {
        "certifi": {
            "hashes": [
                "sha256:35824b4c3a97115964b408844d64aa14db1cc518f6562e8d7261699d1350a9e3",
                "sha256:4ad3232f5e926d6718ec31cfc1fcadfde020920e278684144551c91769c7bc18"
            ],
            "index": "pypi",
            "version": "==2022.12.7"
        },
        "chardet": {
            "hashes": [
                "sha256:84ab92ed1c4d4f16916e05906b6b75a6c0fb5db821cc65e70cbd64a3e2a5eaae",
                "sha256:fc323ffcaeaed0e0a02bf4d117757b98aed530d9ed4531e3e15460124c106691"
            ],
            "version": "==3.0.4"
        },
        "evernote3": {
            "hashes": [
                "sha256:4ca7dddfc6c6234beafaf18e069722e486c2cbab661df4a79edd7e997a0e644b"
            ],
            "index": "pypi",
            "version": "==1.25.12"
        },
        "httplib2": {
            "hashes": [
                "sha256:987c8bb3eb82d3fa60c68699510a692aa2ad9c4bd4f123e51dfb1488c14cdd01",
                "sha256:fc144f091c7286b82bec71bdbd9b27323ba709cc612568d3000893bfd9cb4b34"
            ],
            "markers": "python_version >= '2.7' and python_version not in '3.0, 3.1, 3.2, 3.3'",
            "version": "==0.21.0"
        },
        "idna": {
            "hashes": [
                "sha256:2c6a5de3089009e3da7c5dde64a141dbc8551d5b7f6cf4ed7c2568d0cc520a8f",
                "sha256:8c7309c718f94b3a625cb648ace320157ad16ff131ae0af362c9f21b80ef6ec4"
            ],
            "version": "==2.6"
        },
        "monotonic": {
            "hashes": [
                "sha256:3a55207bcfed53ddd5c5bae174524062935efed17792e9de2ad0205ce9ad63f7",
                "sha256:68687e19a14f11f26d140dd5c86f3dba4bf5df58003000ed467e0e2a69bca96c"
            ],
            "version": "==1.6"
        },
        "oauth2": {
            "hashes": [
                "sha256:15b5c42301f46dd63113f1214b0d81a8b16254f65a86d3c32a1b52297f3266e6",
                "sha256:c006a85e7c60107c7cc6da1b184b5c719f6dd7202098196dfa6e55df669b59bf"
            ],
            "version": "==1.9.0.post1"
        },
        "oauthlib": {
            "hashes": [
                "sha256:8139f29aac13e25d502680e9e19963e83f16838d48a0d71c287fe40e7067fbca",
                "sha256:9859c40929662bec5d64f34d01c99e093149682a3f38915dc0655d5a633dd918"
            ],
            "markers": "python_version >= '3.6'",
            "version": "==3.2.2"
        },
        "pyparsing": {
            "hashes": [
                "sha256:2b020ecf7d21b687f219b71ecad3631f644a47f01403fa1d1036b0c6416d70fb",
                "sha256:5026bae9a10eeaefb61dab2f09052b9f4307d44aee4eda64b309723d8d206bbc"
            ],
            "markers": "python_version >= '3.1'",
            "version": "==3.0.9"
        },
        "requests": {
            "hashes": [
                "sha256:6a1b267aa90cac58ac3a765d067950e7dbbf75b1da07e895d1f594193a40a38b",
                "sha256:9c443e7324ba5b85070c4a818ade28bfabedf16ea10206da1132edaa6dda237e"
            ],
            "index": "pypi",
            "version": "==2.18.4"
        },
        "requests-oauthlib": {
            "hashes": [
                "sha256:2577c501a2fb8d05a304c09d090d6e47c306fef15809d102b327cf8364bddab5",
                "sha256:75beac4a47881eeb94d5ea5d6ad31ef88856affe2332b9aafb52c6452ccf0d7a"
            ],
            "markers": "python_version >= '2.7' and python_version not in '3.0, 3.1, 3.2, 3.3'",
            "version": "==1.3.1"
        },
        "six": {
            "hashes": [
                "sha256:1e61c37477a1626458e36f7b1d82aa5c9b094fa4802892072e49de9c60c4c926",
                "sha256:8abb2f1d86890a2dfb989f9a77cfcfd3e47c2a354b01111771326f8aa26e0254"
            ],
            "markers": "python_version >= '2.7' and python_version not in '3.0, 3.1, 3.2, 3.3'",
            "version": "==1.16.0"
        },
        "tenacity": {
            "hashes": [
                "sha256:13b65e38b90aec2763cdc262f4f3c392fbdc34dbf6d2b7ba8992032ce300b1a0",
                "sha256:b53f3be7d5507d05910636acbde863d83e78845ff78e4e812dba38ffee69af84"
            ],
            "index": "pypi",
            "version": "==4.9.0"
        },
        "urllib3": {
            "hashes": [
                "sha256:06330f386d6e4b195fbfc736b297f58c5a892e4440e54d294d7004e3a9bbea1b",
                "sha256:cc44da8e1145637334317feebd728bd869a35285b93cbb4cca2577da7e62db4f"
            ],
            "version": "==1.22"
        }
    },
    "develop": {}
}
